// !$*UTF8*$!
{
	archiveVersion = 1;
	classes = {
	};
	objectVersion = 46;
	objects = {

/* Begin PBXBuildFile section */
		018765578EA931C07E430B7A492995AE /* Pods-LWPrettyText_Example-dummy.m in Sources */ = {isa = PBXBuildFile; fileRef = 98F5B515BFEF2D3764F17E2BE86BB5BE /* Pods-LWPrettyText_Example-dummy.m */; };
		078B74B94BADE24DF023FE97B985A242 /* NSMutableAttributedString+PrettyText.m in Sources */ = {isa = PBXBuildFile; fileRef = F9F509E80DD949018D07D8D1184DE811 /* NSMutableAttributedString+PrettyText.m */; };
		473A679C2FF3A07D48F168659C085BEA /* LWPrettyText-umbrella.h in Headers */ = {isa = PBXBuildFile; fileRef = 1E5A13DA34EDC443356F9FAE9138DBAE /* LWPrettyText-umbrella.h */; settings = {ATTRIBUTES = (Public, ); }; };
		58AF2D77E8D4287E6F0DC660B76DCA63 /* LWPrettyText-dummy.m in Sources */ = {isa = PBXBuildFile; fileRef = E600FBE9EE635C3755B8007414A06790 /* LWPrettyText-dummy.m */; };
		67EE2109958CA8ED56B47C2A0B79FAAF /* NSString+PrettyText.m in Sources */ = {isa = PBXBuildFile; fileRef = DCA28D67B25BA702FEA7D5032964164F /* NSString+PrettyText.m */; };
		72E67D958083344440C43CE02321CD0F /* LWPrettyTextMaker.m in Sources */ = {isa = PBXBuildFile; fileRef = 37F9E7569196A938C079DEC58F043589 /* LWPrettyTextMaker.m */; };
		85E49A09A45220C78F92163BE150447C /* Foundation.framework in Frameworks */ = {isa = PBXBuildFile; fileRef = 3212113385A8FBBDB272BD23C409FF61 /* Foundation.framework */; };
		87F25B5A58AC64018429A979472A9338 /* Foundation.framework in Frameworks */ = {isa = PBXBuildFile; fileRef = 3212113385A8FBBDB272BD23C409FF61 /* Foundation.framework */; };
		89667D65EDB002A7E524C3660BFFA481 /* NSString+HTML.h in Headers */ = {isa = PBXBuildFile; fileRef = 4E4A3D07EB43D74EDCD97D8F4F54ECC1 /* NSString+HTML.h */; settings = {ATTRIBUTES = (Public, ); }; };
		917A17AA3FB347A9B6754EB9B1A5A8BF /* LWPrettyTextMaker.h in Headers */ = {isa = PBXBuildFile; fileRef = 922B8115CA33C93D01BB0F0FB2BEE086 /* LWPrettyTextMaker.h */; settings = {ATTRIBUTES = (Public, ); }; };
		96FA9044A0FBE7DD5ABABD89C4905D18 /* NSMutableAttributedString+PrettyText.h in Headers */ = {isa = PBXBuildFile; fileRef = CC81B9E07B198DAAE28D4476FBAC6F5D /* NSMutableAttributedString+PrettyText.h */; settings = {ATTRIBUTES = (Public, ); }; };
		9E157B97F7E1862D7F2D4293797B1A48 /* NSString+PrettyText.h in Headers */ = {isa = PBXBuildFile; fileRef = 547E8DE65FECFF8B2C4C31D7D54D6858 /* NSString+PrettyText.h */; settings = {ATTRIBUTES = (Public, ); }; };
		9E894906AC8F886876C0C821F4253D6D /* NSString+HTML.m in Sources */ = {isa = PBXBuildFile; fileRef = 76355FF010148CB3E7085684E1E6593E /* NSString+HTML.m */; };
		A04D28E9C59ADD6936C9E6ED52DF1BEE /* Foundation.framework in Frameworks */ = {isa = PBXBuildFile; fileRef = 3212113385A8FBBDB272BD23C409FF61 /* Foundation.framework */; };
		BBD7478A628C1181A9FCB2B7A383AE74 /* LWPrettyText.h in Headers */ = {isa = PBXBuildFile; fileRef = E45371D8965AC5E3B5CCB0E83073DD39 /* LWPrettyText.h */; settings = {ATTRIBUTES = (Public, ); }; };
		C79D3660DE6A0B7FA39294D5ED9079D5 /* Pods-LWPrettyText_Tests-umbrella.h in Headers */ = {isa = PBXBuildFile; fileRef = F165A310D4A50D0A0CDA036FD064AF90 /* Pods-LWPrettyText_Tests-umbrella.h */; settings = {ATTRIBUTES = (Public, ); }; };
		CB9BE2ADBFD0BE4FBC115CBBAF94DCEC /* Pods-LWPrettyText_Tests-dummy.m in Sources */ = {isa = PBXBuildFile; fileRef = F82C6F65C9A18A0E17B599A788B66956 /* Pods-LWPrettyText_Tests-dummy.m */; };
		E48DDC2DBD32FD61EC1AF5FFA1B72AB6 /* Pods-LWPrettyText_Example-umbrella.h in Headers */ = {isa = PBXBuildFile; fileRef = 77C14F92BFF5365B01EB21E3BF1A3117 /* Pods-LWPrettyText_Example-umbrella.h */; settings = {ATTRIBUTES = (Public, ); }; };
/* End PBXBuildFile section */

/* Begin PBXContainerItemProxy section */
		3BD3EF52F535867CF613A249815987D5 /* PBXContainerItemProxy */ = {
			isa = PBXContainerItemProxy;
			containerPortal = BFDFE7DC352907FC980B868725387E98 /* Project object */;
			proxyType = 1;
			remoteGlobalIDString = A467D8810AC4791CD6A8151B0CEB7AF5;
			remoteInfo = "Pods-LWPrettyText_Example";
		};
		4BD326E22DB803292FE89C9DF148C39C /* PBXContainerItemProxy */ = {
			isa = PBXContainerItemProxy;
			containerPortal = BFDFE7DC352907FC980B868725387E98 /* Project object */;
			proxyType = 1;
			remoteGlobalIDString = BCCA63FC4C163CE248F10EDC7A0A402F;
			remoteInfo = LWPrettyText;
		};
/* End PBXContainerItemProxy section */

/* Begin PBXFileReference section */
		0A5B5F03CCC487720EF0A7ED6085195C /* LWPrettyText.xcconfig */ = {isa = PBXFileReference; includeInIndex = 1; lastKnownFileType = text.xcconfig; path = LWPrettyText.xcconfig; sourceTree = "<group>"; };
		1E5A13DA34EDC443356F9FAE9138DBAE /* LWPrettyText-umbrella.h */ = {isa = PBXFileReference; includeInIndex = 1; lastKnownFileType = sourcecode.c.h; path = "LWPrettyText-umbrella.h"; sourceTree = "<group>"; };
		2661FF905B7821DDEF00E9A254F8C78F /* Pods-LWPrettyText_Tests-Info.plist */ = {isa = PBXFileReference; includeInIndex = 1; lastKnownFileType = text.plist.xml; path = "Pods-LWPrettyText_Tests-Info.plist"; sourceTree = "<group>"; };
		3212113385A8FBBDB272BD23C409FF61 /* Foundation.framework */ = {isa = PBXFileReference; lastKnownFileType = wrapper.framework; name = Foundation.framework; path = Platforms/iPhoneOS.platform/Developer/SDKs/iPhoneOS12.2.sdk/System/Library/Frameworks/Foundation.framework; sourceTree = DEVELOPER_DIR; };
		34833CA63D44CC051CB029D63DBF22BD /* Pods-LWPrettyText_Tests.modulemap */ = {isa = PBXFileReference; includeInIndex = 1; lastKnownFileType = sourcecode.module; path = "Pods-LWPrettyText_Tests.modulemap"; sourceTree = "<group>"; };
		37F9E7569196A938C079DEC58F043589 /* LWPrettyTextMaker.m */ = {isa = PBXFileReference; includeInIndex = 1; lastKnownFileType = sourcecode.c.objc; name = LWPrettyTextMaker.m; path = LWPrettyText/Classes/LWPrettyTextMaker.m; sourceTree = "<group>"; };
		3E1A4AAF5FB574C2FA7FF22E484B8AF7 /* LWPrettyText-prefix.pch */ = {isa = PBXFileReference; includeInIndex = 1; lastKnownFileType = sourcecode.c.h; path = "LWPrettyText-prefix.pch"; sourceTree = "<group>"; };
		42360200200944C07D25DC003DD4A6AB /* Pods-LWPrettyText_Tests-acknowledgements.plist */ = {isa = PBXFileReference; includeInIndex = 1; lastKnownFileType = text.plist.xml; path = "Pods-LWPrettyText_Tests-acknowledgements.plist"; sourceTree = "<group>"; };
		4DAD6D7A9ACC2884EB561298C73E2687 /* Pods_LWPrettyText_Tests.framework */ = {isa = PBXFileReference; explicitFileType = wrapper.framework; includeInIndex = 0; name = Pods_LWPrettyText_Tests.framework; path = "Pods-LWPrettyText_Tests.framework"; sourceTree = BUILT_PRODUCTS_DIR; };
		4E4A3D07EB43D74EDCD97D8F4F54ECC1 /* NSString+HTML.h */ = {isa = PBXFileReference; includeInIndex = 1; lastKnownFileType = sourcecode.c.h; name = "NSString+HTML.h"; path = "LWPrettyText/Classes/NSString+HTML.h"; sourceTree = "<group>"; };
		547E8DE65FECFF8B2C4C31D7D54D6858 /* NSString+PrettyText.h */ = {isa = PBXFileReference; includeInIndex = 1; lastKnownFileType = sourcecode.c.h; name = "NSString+PrettyText.h"; path = "LWPrettyText/Classes/NSString+PrettyText.h"; sourceTree = "<group>"; };
		57B8825C5E7301F4A16EB44AC5FC3EE6 /* LICENSE */ = {isa = PBXFileReference; includeInIndex = 1; path = LICENSE; sourceTree = "<group>"; };
		5AF34BC7D45F96B3D3DBF9818BCAD572 /* LWPrettyText.podspec */ = {isa = PBXFileReference; explicitFileType = text.script.ruby; includeInIndex = 1; indentWidth = 2; lastKnownFileType = text; path = LWPrettyText.podspec; sourceTree = "<group>"; tabWidth = 2; xcLanguageSpecificationIdentifier = xcode.lang.ruby; };
		600717F1B96F6C3C91125764C0FB998E /* Pods-LWPrettyText_Example-frameworks.sh */ = {isa = PBXFileReference; includeInIndex = 1; lastKnownFileType = text.script.sh; path = "Pods-LWPrettyText_Example-frameworks.sh"; sourceTree = "<group>"; };
		6259367A10FBBA8618DF0D485C669057 /* LWPrettyText.framework */ = {isa = PBXFileReference; explicitFileType = wrapper.framework; includeInIndex = 0; name = LWPrettyText.framework; path = LWPrettyText.framework; sourceTree = BUILT_PRODUCTS_DIR; };
		6C3BC30F81B7D7994CBFED2A50F203DB /* Pods-LWPrettyText_Example-Info.plist */ = {isa = PBXFileReference; includeInIndex = 1; lastKnownFileType = text.plist.xml; path = "Pods-LWPrettyText_Example-Info.plist"; sourceTree = "<group>"; };
		76355FF010148CB3E7085684E1E6593E /* NSString+HTML.m */ = {isa = PBXFileReference; includeInIndex = 1; lastKnownFileType = sourcecode.c.objc; name = "NSString+HTML.m"; path = "LWPrettyText/Classes/NSString+HTML.m"; sourceTree = "<group>"; };
		77C14F92BFF5365B01EB21E3BF1A3117 /* Pods-LWPrettyText_Example-umbrella.h */ = {isa = PBXFileReference; includeInIndex = 1; lastKnownFileType = sourcecode.c.h; path = "Pods-LWPrettyText_Example-umbrella.h"; sourceTree = "<group>"; };
		8C4A9EA84A1CDFE614CB07C95EC7BA19 /* Pods-LWPrettyText_Example.debug.xcconfig */ = {isa = PBXFileReference; includeInIndex = 1; lastKnownFileType = text.xcconfig; path = "Pods-LWPrettyText_Example.debug.xcconfig"; sourceTree = "<group>"; };
		922B8115CA33C93D01BB0F0FB2BEE086 /* LWPrettyTextMaker.h */ = {isa = PBXFileReference; includeInIndex = 1; lastKnownFileType = sourcecode.c.h; name = LWPrettyTextMaker.h; path = LWPrettyText/Classes/LWPrettyTextMaker.h; sourceTree = "<group>"; };
		98F5B515BFEF2D3764F17E2BE86BB5BE /* Pods-LWPrettyText_Example-dummy.m */ = {isa = PBXFileReference; includeInIndex = 1; lastKnownFileType = sourcecode.c.objc; path = "Pods-LWPrettyText_Example-dummy.m"; sourceTree = "<group>"; };
		9D940727FF8FB9C785EB98E56350EF41 /* Podfile */ = {isa = PBXFileReference; explicitFileType = text.script.ruby; includeInIndex = 1; indentWidth = 2; lastKnownFileType = text; name = Podfile; path = ../Podfile; sourceTree = SOURCE_ROOT; tabWidth = 2; xcLanguageSpecificationIdentifier = xcode.lang.ruby; };
		AA8E00D84474BA5EDE6367BCEBCE0A43 /* Pods-LWPrettyText_Example-acknowledgements.plist */ = {isa = PBXFileReference; includeInIndex = 1; lastKnownFileType = text.plist.xml; path = "Pods-LWPrettyText_Example-acknowledgements.plist"; sourceTree = "<group>"; };
		ABC070E56999229012A87467A0F80C44 /* Pods-LWPrettyText_Example.modulemap */ = {isa = PBXFileReference; includeInIndex = 1; lastKnownFileType = sourcecode.module; path = "Pods-LWPrettyText_Example.modulemap"; sourceTree = "<group>"; };
		AD304EB7019286EAB8F14864C5A31E2A /* Pods-LWPrettyText_Tests-acknowledgements.markdown */ = {isa = PBXFileReference; includeInIndex = 1; lastKnownFileType = text; path = "Pods-LWPrettyText_Tests-acknowledgements.markdown"; sourceTree = "<group>"; };
		AE580E5E63E155B48601AEEFE2AF001D /* LWPrettyText-Info.plist */ = {isa = PBXFileReference; includeInIndex = 1; lastKnownFileType = text.plist.xml; path = "LWPrettyText-Info.plist"; sourceTree = "<group>"; };
		BE866753F28552526B5A718DBC2EDD5B /* README.md */ = {isa = PBXFileReference; includeInIndex = 1; path = README.md; sourceTree = "<group>"; };
		C28862C247EFA6AD8D793C565837C617 /* Pods-LWPrettyText_Example.release.xcconfig */ = {isa = PBXFileReference; includeInIndex = 1; lastKnownFileType = text.xcconfig; path = "Pods-LWPrettyText_Example.release.xcconfig"; sourceTree = "<group>"; };
		C913B396313D3DDDF993E1EF2D890FDC /* LWPrettyText.modulemap */ = {isa = PBXFileReference; includeInIndex = 1; lastKnownFileType = sourcecode.module; path = LWPrettyText.modulemap; sourceTree = "<group>"; };
		CC81B9E07B198DAAE28D4476FBAC6F5D /* NSMutableAttributedString+PrettyText.h */ = {isa = PBXFileReference; includeInIndex = 1; lastKnownFileType = sourcecode.c.h; name = "NSMutableAttributedString+PrettyText.h"; path = "LWPrettyText/Classes/NSMutableAttributedString+PrettyText.h"; sourceTree = "<group>"; };
		DCA28D67B25BA702FEA7D5032964164F /* NSString+PrettyText.m */ = {isa = PBXFileReference; includeInIndex = 1; lastKnownFileType = sourcecode.c.objc; name = "NSString+PrettyText.m"; path = "LWPrettyText/Classes/NSString+PrettyText.m"; sourceTree = "<group>"; };
		E325A458CF41F26E2C0FB85B417A966B /* Pods_LWPrettyText_Example.framework */ = {isa = PBXFileReference; explicitFileType = wrapper.framework; includeInIndex = 0; name = Pods_LWPrettyText_Example.framework; path = "Pods-LWPrettyText_Example.framework"; sourceTree = BUILT_PRODUCTS_DIR; };
		E45371D8965AC5E3B5CCB0E83073DD39 /* LWPrettyText.h */ = {isa = PBXFileReference; includeInIndex = 1; lastKnownFileType = sourcecode.c.h; name = LWPrettyText.h; path = LWPrettyText/Classes/LWPrettyText.h; sourceTree = "<group>"; };
		E600FBE9EE635C3755B8007414A06790 /* LWPrettyText-dummy.m */ = {isa = PBXFileReference; includeInIndex = 1; lastKnownFileType = sourcecode.c.objc; path = "LWPrettyText-dummy.m"; sourceTree = "<group>"; };
		E94209FA30A5CA84235115FF422F380C /* Pods-LWPrettyText_Example-acknowledgements.markdown */ = {isa = PBXFileReference; includeInIndex = 1; lastKnownFileType = text; path = "Pods-LWPrettyText_Example-acknowledgements.markdown"; sourceTree = "<group>"; };
		ECBEFBEB35FC0F15B83AB75886191A2D /* Pods-LWPrettyText_Tests.debug.xcconfig */ = {isa = PBXFileReference; includeInIndex = 1; lastKnownFileType = text.xcconfig; path = "Pods-LWPrettyText_Tests.debug.xcconfig"; sourceTree = "<group>"; };
		EE9A8D69F46694B83A3E7C6C75A37A12 /* Pods-LWPrettyText_Tests.release.xcconfig */ = {isa = PBXFileReference; includeInIndex = 1; lastKnownFileType = text.xcconfig; path = "Pods-LWPrettyText_Tests.release.xcconfig"; sourceTree = "<group>"; };
		F165A310D4A50D0A0CDA036FD064AF90 /* Pods-LWPrettyText_Tests-umbrella.h */ = {isa = PBXFileReference; includeInIndex = 1; lastKnownFileType = sourcecode.c.h; path = "Pods-LWPrettyText_Tests-umbrella.h"; sourceTree = "<group>"; };
		F82C6F65C9A18A0E17B599A788B66956 /* Pods-LWPrettyText_Tests-dummy.m */ = {isa = PBXFileReference; includeInIndex = 1; lastKnownFileType = sourcecode.c.objc; path = "Pods-LWPrettyText_Tests-dummy.m"; sourceTree = "<group>"; };
		F9F509E80DD949018D07D8D1184DE811 /* NSMutableAttributedString+PrettyText.m */ = {isa = PBXFileReference; includeInIndex = 1; lastKnownFileType = sourcecode.c.objc; name = "NSMutableAttributedString+PrettyText.m"; path = "LWPrettyText/Classes/NSMutableAttributedString+PrettyText.m"; sourceTree = "<group>"; };
/* End PBXFileReference section */

/* Begin PBXFrameworksBuildPhase section */
		A3199C069043112E299A0976366579CF /* Frameworks */ = {
			isa = PBXFrameworksBuildPhase;
			buildActionMask = 2147483647;
			files = (
				85E49A09A45220C78F92163BE150447C /* Foundation.framework in Frameworks */,
			);
			runOnlyForDeploymentPostprocessing = 0;
		};
		C0D1FD16CA6F6A19D0F8DE4B7642C8B5 /* Frameworks */ = {
			isa = PBXFrameworksBuildPhase;
			buildActionMask = 2147483647;
			files = (
				A04D28E9C59ADD6936C9E6ED52DF1BEE /* Foundation.framework in Frameworks */,
			);
			runOnlyForDeploymentPostprocessing = 0;
		};
		D66596C26197F64A034932732E972BE7 /* Frameworks */ = {
			isa = PBXFrameworksBuildPhase;
			buildActionMask = 2147483647;
			files = (
				87F25B5A58AC64018429A979472A9338 /* Foundation.framework in Frameworks */,
			);
			runOnlyForDeploymentPostprocessing = 0;
		};
/* End PBXFrameworksBuildPhase section */

/* Begin PBXGroup section */
		48B5A36C02BEA68EA3E3DC3429596C69 /* Targets Support Files */ = {
			isa = PBXGroup;
			children = (
				69F684494F40C365F2E989EAA030EDE5 /* Pods-LWPrettyText_Example */,
				5D011E6CCB4786A9C2CC606BF5B74BF7 /* Pods-LWPrettyText_Tests */,
			);
			name = "Targets Support Files";
			sourceTree = "<group>";
		};
		5D011E6CCB4786A9C2CC606BF5B74BF7 /* Pods-LWPrettyText_Tests */ = {
			isa = PBXGroup;
			children = (
				34833CA63D44CC051CB029D63DBF22BD /* Pods-LWPrettyText_Tests.modulemap */,
				AD304EB7019286EAB8F14864C5A31E2A /* Pods-LWPrettyText_Tests-acknowledgements.markdown */,
				42360200200944C07D25DC003DD4A6AB /* Pods-LWPrettyText_Tests-acknowledgements.plist */,
				F82C6F65C9A18A0E17B599A788B66956 /* Pods-LWPrettyText_Tests-dummy.m */,
				2661FF905B7821DDEF00E9A254F8C78F /* Pods-LWPrettyText_Tests-Info.plist */,
				F165A310D4A50D0A0CDA036FD064AF90 /* Pods-LWPrettyText_Tests-umbrella.h */,
				ECBEFBEB35FC0F15B83AB75886191A2D /* Pods-LWPrettyText_Tests.debug.xcconfig */,
				EE9A8D69F46694B83A3E7C6C75A37A12 /* Pods-LWPrettyText_Tests.release.xcconfig */,
			);
			name = "Pods-LWPrettyText_Tests";
			path = "Target Support Files/Pods-LWPrettyText_Tests";
			sourceTree = "<group>";
		};
		69F684494F40C365F2E989EAA030EDE5 /* Pods-LWPrettyText_Example */ = {
			isa = PBXGroup;
			children = (
				ABC070E56999229012A87467A0F80C44 /* Pods-LWPrettyText_Example.modulemap */,
				E94209FA30A5CA84235115FF422F380C /* Pods-LWPrettyText_Example-acknowledgements.markdown */,
				AA8E00D84474BA5EDE6367BCEBCE0A43 /* Pods-LWPrettyText_Example-acknowledgements.plist */,
				98F5B515BFEF2D3764F17E2BE86BB5BE /* Pods-LWPrettyText_Example-dummy.m */,
				600717F1B96F6C3C91125764C0FB998E /* Pods-LWPrettyText_Example-frameworks.sh */,
				6C3BC30F81B7D7994CBFED2A50F203DB /* Pods-LWPrettyText_Example-Info.plist */,
				77C14F92BFF5365B01EB21E3BF1A3117 /* Pods-LWPrettyText_Example-umbrella.h */,
				8C4A9EA84A1CDFE614CB07C95EC7BA19 /* Pods-LWPrettyText_Example.debug.xcconfig */,
				C28862C247EFA6AD8D793C565837C617 /* Pods-LWPrettyText_Example.release.xcconfig */,
			);
			name = "Pods-LWPrettyText_Example";
			path = "Target Support Files/Pods-LWPrettyText_Example";
			sourceTree = "<group>";
		};
		77B4857FFFC9B0E3D47116B341003EC4 /* Support Files */ = {
			isa = PBXGroup;
			children = (
				C913B396313D3DDDF993E1EF2D890FDC /* LWPrettyText.modulemap */,
				0A5B5F03CCC487720EF0A7ED6085195C /* LWPrettyText.xcconfig */,
				E600FBE9EE635C3755B8007414A06790 /* LWPrettyText-dummy.m */,
				AE580E5E63E155B48601AEEFE2AF001D /* LWPrettyText-Info.plist */,
				3E1A4AAF5FB574C2FA7FF22E484B8AF7 /* LWPrettyText-prefix.pch */,
				1E5A13DA34EDC443356F9FAE9138DBAE /* LWPrettyText-umbrella.h */,
			);
			name = "Support Files";
			path = "Example/Pods/Target Support Files/LWPrettyText";
			sourceTree = "<group>";
		};
		942B12C0532FF3423E7D568B41AE3983 /* Development Pods */ = {
			isa = PBXGroup;
			children = (
				F41614881B1748C224AC46415A3F1840 /* LWPrettyText */,
			);
			name = "Development Pods";
			sourceTree = "<group>";
		};
		9D2D836A203E236F99657190AF987BCE /* Pod */ = {
			isa = PBXGroup;
			children = (
				57B8825C5E7301F4A16EB44AC5FC3EE6 /* LICENSE */,
				5AF34BC7D45F96B3D3DBF9818BCAD572 /* LWPrettyText.podspec */,
				BE866753F28552526B5A718DBC2EDD5B /* README.md */,
			);
			name = Pod;
			sourceTree = "<group>";
		};
		A65AF9FD276C26176546CC0D29794AEF /* Products */ = {
			isa = PBXGroup;
			children = (
				6259367A10FBBA8618DF0D485C669057 /* LWPrettyText.framework */,
				E325A458CF41F26E2C0FB85B417A966B /* Pods_LWPrettyText_Example.framework */,
				4DAD6D7A9ACC2884EB561298C73E2687 /* Pods_LWPrettyText_Tests.framework */,
			);
			name = Products;
			sourceTree = "<group>";
		};
		C0834CEBB1379A84116EF29F93051C60 /* iOS */ = {
			isa = PBXGroup;
			children = (
				3212113385A8FBBDB272BD23C409FF61 /* Foundation.framework */,
			);
			name = iOS;
			sourceTree = "<group>";
		};
		CF1408CF629C7361332E53B88F7BD30C = {
			isa = PBXGroup;
			children = (
				9D940727FF8FB9C785EB98E56350EF41 /* Podfile */,
				942B12C0532FF3423E7D568B41AE3983 /* Development Pods */,
				D210D550F4EA176C3123ED886F8F87F5 /* Frameworks */,
				A65AF9FD276C26176546CC0D29794AEF /* Products */,
				48B5A36C02BEA68EA3E3DC3429596C69 /* Targets Support Files */,
			);
			sourceTree = "<group>";
		};
		D210D550F4EA176C3123ED886F8F87F5 /* Frameworks */ = {
			isa = PBXGroup;
			children = (
				C0834CEBB1379A84116EF29F93051C60 /* iOS */,
			);
			name = Frameworks;
			sourceTree = "<group>";
		};
		F41614881B1748C224AC46415A3F1840 /* LWPrettyText */ = {
			isa = PBXGroup;
			children = (
				E45371D8965AC5E3B5CCB0E83073DD39 /* LWPrettyText.h */,
				922B8115CA33C93D01BB0F0FB2BEE086 /* LWPrettyTextMaker.h */,
				37F9E7569196A938C079DEC58F043589 /* LWPrettyTextMaker.m */,
				CC81B9E07B198DAAE28D4476FBAC6F5D /* NSMutableAttributedString+PrettyText.h */,
				F9F509E80DD949018D07D8D1184DE811 /* NSMutableAttributedString+PrettyText.m */,
				4E4A3D07EB43D74EDCD97D8F4F54ECC1 /* NSString+HTML.h */,
				76355FF010148CB3E7085684E1E6593E /* NSString+HTML.m */,
				547E8DE65FECFF8B2C4C31D7D54D6858 /* NSString+PrettyText.h */,
				DCA28D67B25BA702FEA7D5032964164F /* NSString+PrettyText.m */,
				9D2D836A203E236F99657190AF987BCE /* Pod */,
				77B4857FFFC9B0E3D47116B341003EC4 /* Support Files */,
			);
			name = LWPrettyText;
			path = ../..;
			sourceTree = "<group>";
		};
/* End PBXGroup section */

/* Begin PBXHeadersBuildPhase section */
		058ABB485086480514B0FD4A49BD2863 /* Headers */ = {
			isa = PBXHeadersBuildPhase;
			buildActionMask = 2147483647;
			files = (
				473A679C2FF3A07D48F168659C085BEA /* LWPrettyText-umbrella.h in Headers */,
				BBD7478A628C1181A9FCB2B7A383AE74 /* LWPrettyText.h in Headers */,
				917A17AA3FB347A9B6754EB9B1A5A8BF /* LWPrettyTextMaker.h in Headers */,
				96FA9044A0FBE7DD5ABABD89C4905D18 /* NSMutableAttributedString+PrettyText.h in Headers */,
				89667D65EDB002A7E524C3660BFFA481 /* NSString+HTML.h in Headers */,
				9E157B97F7E1862D7F2D4293797B1A48 /* NSString+PrettyText.h in Headers */,
			);
			runOnlyForDeploymentPostprocessing = 0;
		};
		1AD2A12BCD1ACA41927FCA3D8CCC81EE /* Headers */ = {
			isa = PBXHeadersBuildPhase;
			buildActionMask = 2147483647;
			files = (
				C79D3660DE6A0B7FA39294D5ED9079D5 /* Pods-LWPrettyText_Tests-umbrella.h in Headers */,
			);
			runOnlyForDeploymentPostprocessing = 0;
		};
		A0AC10F6C463A48BE04C9AE9A2C34F4F /* Headers */ = {
			isa = PBXHeadersBuildPhase;
			buildActionMask = 2147483647;
			files = (
				E48DDC2DBD32FD61EC1AF5FFA1B72AB6 /* Pods-LWPrettyText_Example-umbrella.h in Headers */,
			);
			runOnlyForDeploymentPostprocessing = 0;
		};
/* End PBXHeadersBuildPhase section */

/* Begin PBXNativeTarget section */
		A467D8810AC4791CD6A8151B0CEB7AF5 /* Pods-LWPrettyText_Example */ = {
			isa = PBXNativeTarget;
			buildConfigurationList = A1FDB9C38D56EBAD72C3D6FC95839C76 /* Build configuration list for PBXNativeTarget "Pods-LWPrettyText_Example" */;
			buildPhases = (
				A0AC10F6C463A48BE04C9AE9A2C34F4F /* Headers */,
				F457DFF3A1145A25B8991066D5AB8CE2 /* Sources */,
				C0D1FD16CA6F6A19D0F8DE4B7642C8B5 /* Frameworks */,
				885B4EC39E3CF9AF47DE629AAACD62C6 /* Resources */,
			);
			buildRules = (
			);
			dependencies = (
				991C74F3E63DAC5388741C218E16F434 /* PBXTargetDependency */,
			);
			name = "Pods-LWPrettyText_Example";
			productName = "Pods-LWPrettyText_Example";
			productReference = E325A458CF41F26E2C0FB85B417A966B /* Pods_LWPrettyText_Example.framework */;
			productType = "com.apple.product-type.framework";
		};
		BCCA63FC4C163CE248F10EDC7A0A402F /* LWPrettyText */ = {
			isa = PBXNativeTarget;
			buildConfigurationList = 5BDC9ABE4FB047844EEEA3201572E157 /* Build configuration list for PBXNativeTarget "LWPrettyText" */;
			buildPhases = (
				058ABB485086480514B0FD4A49BD2863 /* Headers */,
				7574A433A1C21545F295F972E7B02860 /* Sources */,
				D66596C26197F64A034932732E972BE7 /* Frameworks */,
				EF1D214586A8F8E6ECC8E4265682788A /* Resources */,
			);
			buildRules = (
			);
			dependencies = (
			);
			name = LWPrettyText;
			productName = LWPrettyText;
			productReference = 6259367A10FBBA8618DF0D485C669057 /* LWPrettyText.framework */;
			productType = "com.apple.product-type.framework";
		};
		CF784EF1F155046B45DEE0C2CBAE8955 /* Pods-LWPrettyText_Tests */ = {
			isa = PBXNativeTarget;
			buildConfigurationList = 1D0B9BD1D1F01B50196A6D0805A0B06D /* Build configuration list for PBXNativeTarget "Pods-LWPrettyText_Tests" */;
			buildPhases = (
				1AD2A12BCD1ACA41927FCA3D8CCC81EE /* Headers */,
				C516C36CF8329104A451DEA51F566D0B /* Sources */,
				A3199C069043112E299A0976366579CF /* Frameworks */,
				B290730674C82C0AF7376F68381E38A6 /* Resources */,
			);
			buildRules = (
			);
			dependencies = (
				7DC738F2596E2626F455ED6E46641FB7 /* PBXTargetDependency */,
			);
			name = "Pods-LWPrettyText_Tests";
			productName = "Pods-LWPrettyText_Tests";
			productReference = 4DAD6D7A9ACC2884EB561298C73E2687 /* Pods_LWPrettyText_Tests.framework */;
			productType = "com.apple.product-type.framework";
		};
/* End PBXNativeTarget section */

/* Begin PBXProject section */
		BFDFE7DC352907FC980B868725387E98 /* Project object */ = {
			isa = PBXProject;
			attributes = {
				LastSwiftUpdateCheck = 1100;
				LastUpgradeCheck = 1100;
			};
			buildConfigurationList = 4821239608C13582E20E6DA73FD5F1F9 /* Build configuration list for PBXProject "Pods" */;
			compatibilityVersion = "Xcode 3.2";
			developmentRegion = en;
			hasScannedForEncodings = 0;
			knownRegions = (
				en,
			);
			mainGroup = CF1408CF629C7361332E53B88F7BD30C;
			productRefGroup = A65AF9FD276C26176546CC0D29794AEF /* Products */;
			projectDirPath = "";
			projectRoot = "";
			targets = (
				BCCA63FC4C163CE248F10EDC7A0A402F /* LWPrettyText */,
				A467D8810AC4791CD6A8151B0CEB7AF5 /* Pods-LWPrettyText_Example */,
				CF784EF1F155046B45DEE0C2CBAE8955 /* Pods-LWPrettyText_Tests */,
			);
		};
/* End PBXProject section */

/* Begin PBXResourcesBuildPhase section */
		885B4EC39E3CF9AF47DE629AAACD62C6 /* Resources */ = {
			isa = PBXResourcesBuildPhase;
			buildActionMask = 2147483647;
			files = (
			);
			runOnlyForDeploymentPostprocessing = 0;
		};
		B290730674C82C0AF7376F68381E38A6 /* Resources */ = {
			isa = PBXResourcesBuildPhase;
			buildActionMask = 2147483647;
			files = (
			);
			runOnlyForDeploymentPostprocessing = 0;
		};
		EF1D214586A8F8E6ECC8E4265682788A /* Resources */ = {
			isa = PBXResourcesBuildPhase;
			buildActionMask = 2147483647;
			files = (
			);
			runOnlyForDeploymentPostprocessing = 0;
		};
/* End PBXResourcesBuildPhase section */

/* Begin PBXSourcesBuildPhase section */
		7574A433A1C21545F295F972E7B02860 /* Sources */ = {
			isa = PBXSourcesBuildPhase;
			buildActionMask = 2147483647;
			files = (
				58AF2D77E8D4287E6F0DC660B76DCA63 /* LWPrettyText-dummy.m in Sources */,
				72E67D958083344440C43CE02321CD0F /* LWPrettyTextMaker.m in Sources */,
				078B74B94BADE24DF023FE97B985A242 /* NSMutableAttributedString+PrettyText.m in Sources */,
				9E894906AC8F886876C0C821F4253D6D /* NSString+HTML.m in Sources */,
				67EE2109958CA8ED56B47C2A0B79FAAF /* NSString+PrettyText.m in Sources */,
			);
			runOnlyForDeploymentPostprocessing = 0;
		};
		C516C36CF8329104A451DEA51F566D0B /* Sources */ = {
			isa = PBXSourcesBuildPhase;
			buildActionMask = 2147483647;
			files = (
				CB9BE2ADBFD0BE4FBC115CBBAF94DCEC /* Pods-LWPrettyText_Tests-dummy.m in Sources */,
			);
			runOnlyForDeploymentPostprocessing = 0;
		};
		F457DFF3A1145A25B8991066D5AB8CE2 /* Sources */ = {
			isa = PBXSourcesBuildPhase;
			buildActionMask = 2147483647;
			files = (
				018765578EA931C07E430B7A492995AE /* Pods-LWPrettyText_Example-dummy.m in Sources */,
			);
			runOnlyForDeploymentPostprocessing = 0;
		};
/* End PBXSourcesBuildPhase section */

/* Begin PBXTargetDependency section */
		7DC738F2596E2626F455ED6E46641FB7 /* PBXTargetDependency */ = {
			isa = PBXTargetDependency;
			name = "Pods-LWPrettyText_Example";
			target = A467D8810AC4791CD6A8151B0CEB7AF5 /* Pods-LWPrettyText_Example */;
			targetProxy = 3BD3EF52F535867CF613A249815987D5 /* PBXContainerItemProxy */;
		};
		991C74F3E63DAC5388741C218E16F434 /* PBXTargetDependency */ = {
			isa = PBXTargetDependency;
			name = LWPrettyText;
			target = BCCA63FC4C163CE248F10EDC7A0A402F /* LWPrettyText */;
			targetProxy = 4BD326E22DB803292FE89C9DF148C39C /* PBXContainerItemProxy */;
		};
/* End PBXTargetDependency section */

/* Begin XCBuildConfiguration section */
		0493436A4CB93BF625FE72A3AE56F2D2 /* Debug */ = {
			isa = XCBuildConfiguration;
			baseConfigurationReference = 8C4A9EA84A1CDFE614CB07C95EC7BA19 /* Pods-LWPrettyText_Example.debug.xcconfig */;
			buildSettings = {
				ALWAYS_EMBED_SWIFT_STANDARD_LIBRARIES = NO;
				CODE_SIGN_IDENTITY = "";
				"CODE_SIGN_IDENTITY[sdk=appletvos*]" = "";
				"CODE_SIGN_IDENTITY[sdk=iphoneos*]" = "";
				"CODE_SIGN_IDENTITY[sdk=watchos*]" = "";
				CURRENT_PROJECT_VERSION = 1;
				DEFINES_MODULE = YES;
				DYLIB_COMPATIBILITY_VERSION = 1;
				DYLIB_CURRENT_VERSION = 1;
				DYLIB_INSTALL_NAME_BASE = "@rpath";
				INFOPLIST_FILE = "Target Support Files/Pods-LWPrettyText_Example/Pods-LWPrettyText_Example-Info.plist";
				INSTALL_PATH = "$(LOCAL_LIBRARY_DIR)/Frameworks";
				IPHONEOS_DEPLOYMENT_TARGET = 8.0;
				LD_RUNPATH_SEARCH_PATHS = "$(inherited) @executable_path/Frameworks @loader_path/Frameworks";
				MACH_O_TYPE = staticlib;
				MODULEMAP_FILE = "Target Support Files/Pods-LWPrettyText_Example/Pods-LWPrettyText_Example.modulemap";
				OTHER_LDFLAGS = "";
				OTHER_LIBTOOLFLAGS = "";
				PODS_ROOT = "$(SRCROOT)";
				PRODUCT_BUNDLE_IDENTIFIER = "org.cocoapods.${PRODUCT_NAME:rfc1034identifier}";
				PRODUCT_NAME = "$(TARGET_NAME:c99extidentifier)";
				SDKROOT = iphoneos;
				SKIP_INSTALL = YES;
				TARGETED_DEVICE_FAMILY = "1,2";
				VERSIONING_SYSTEM = "apple-generic";
				VERSION_INFO_PREFIX = "";
			};
			name = Debug;
		};
		2DAA62F809293B229C58E112B890596E /* Release */ = {
			isa = XCBuildConfiguration;
			baseConfigurationReference = EE9A8D69F46694B83A3E7C6C75A37A12 /* Pods-LWPrettyText_Tests.release.xcconfig */;
			buildSettings = {
				ALWAYS_EMBED_SWIFT_STANDARD_LIBRARIES = NO;
				CODE_SIGN_IDENTITY = "";
				"CODE_SIGN_IDENTITY[sdk=appletvos*]" = "";
				"CODE_SIGN_IDENTITY[sdk=iphoneos*]" = "";
				"CODE_SIGN_IDENTITY[sdk=watchos*]" = "";
				CURRENT_PROJECT_VERSION = 1;
				DEFINES_MODULE = YES;
				DYLIB_COMPATIBILITY_VERSION = 1;
				DYLIB_CURRENT_VERSION = 1;
				DYLIB_INSTALL_NAME_BASE = "@rpath";
				INFOPLIST_FILE = "Target Support Files/Pods-LWPrettyText_Tests/Pods-LWPrettyText_Tests-Info.plist";
				INSTALL_PATH = "$(LOCAL_LIBRARY_DIR)/Frameworks";
				IPHONEOS_DEPLOYMENT_TARGET = 8.0;
				LD_RUNPATH_SEARCH_PATHS = "$(inherited) @executable_path/Frameworks @loader_path/Frameworks";
				MACH_O_TYPE = staticlib;
				MODULEMAP_FILE = "Target Support Files/Pods-LWPrettyText_Tests/Pods-LWPrettyText_Tests.modulemap";
				OTHER_LDFLAGS = "";
				OTHER_LIBTOOLFLAGS = "";
				PODS_ROOT = "$(SRCROOT)";
				PRODUCT_BUNDLE_IDENTIFIER = "org.cocoapods.${PRODUCT_NAME:rfc1034identifier}";
				PRODUCT_NAME = "$(TARGET_NAME:c99extidentifier)";
				SDKROOT = iphoneos;
				SKIP_INSTALL = YES;
				TARGETED_DEVICE_FAMILY = "1,2";
				VALIDATE_PRODUCT = YES;
				VERSIONING_SYSTEM = "apple-generic";
				VERSION_INFO_PREFIX = "";
			};
			name = Release;
		};
		4BE66A09A74FD25164AAB3C2645B9B93 /* Release */ = {
			isa = XCBuildConfiguration;
			buildSettings = {
				ALWAYS_SEARCH_USER_PATHS = NO;
				CLANG_ANALYZER_NONNULL = YES;
				CLANG_ANALYZER_NUMBER_OBJECT_CONVERSION = YES_AGGRESSIVE;
				CLANG_CXX_LANGUAGE_STANDARD = "gnu++14";
				CLANG_CXX_LIBRARY = "libc++";
				CLANG_ENABLE_MODULES = YES;
				CLANG_ENABLE_OBJC_ARC = YES;
				CLANG_ENABLE_OBJC_WEAK = YES;
				CLANG_WARN_BLOCK_CAPTURE_AUTORELEASING = YES;
				CLANG_WARN_BOOL_CONVERSION = YES;
				CLANG_WARN_COMMA = YES;
				CLANG_WARN_CONSTANT_CONVERSION = YES;
				CLANG_WARN_DEPRECATED_OBJC_IMPLEMENTATIONS = YES;
				CLANG_WARN_DIRECT_OBJC_ISA_USAGE = YES_ERROR;
				CLANG_WARN_DOCUMENTATION_COMMENTS = YES;
				CLANG_WARN_EMPTY_BODY = YES;
				CLANG_WARN_ENUM_CONVERSION = YES;
				CLANG_WARN_INFINITE_RECURSION = YES;
				CLANG_WARN_INT_CONVERSION = YES;
				CLANG_WARN_NON_LITERAL_NULL_CONVERSION = YES;
				CLANG_WARN_OBJC_IMPLICIT_RETAIN_SELF = YES;
				CLANG_WARN_OBJC_LITERAL_CONVERSION = YES;
				CLANG_WARN_OBJC_ROOT_CLASS = YES_ERROR;
				CLANG_WARN_RANGE_LOOP_ANALYSIS = YES;
				CLANG_WARN_STRICT_PROTOTYPES = YES;
				CLANG_WARN_SUSPICIOUS_MOVE = YES;
				CLANG_WARN_UNGUARDED_AVAILABILITY = YES_AGGRESSIVE;
				CLANG_WARN_UNREACHABLE_CODE = YES;
				CLANG_WARN__DUPLICATE_METHOD_MATCH = YES;
				COPY_PHASE_STRIP = NO;
				DEBUG_INFORMATION_FORMAT = "dwarf-with-dsym";
				ENABLE_NS_ASSERTIONS = NO;
				ENABLE_STRICT_OBJC_MSGSEND = YES;
				GCC_C_LANGUAGE_STANDARD = gnu11;
				GCC_NO_COMMON_BLOCKS = YES;
				GCC_PREPROCESSOR_DEFINITIONS = (
					"POD_CONFIGURATION_RELEASE=1",
					"$(inherited)",
				);
				GCC_WARN_64_TO_32_BIT_CONVERSION = YES;
				GCC_WARN_ABOUT_RETURN_TYPE = YES_ERROR;
				GCC_WARN_UNDECLARED_SELECTOR = YES;
				GCC_WARN_UNINITIALIZED_AUTOS = YES_AGGRESSIVE;
				GCC_WARN_UNUSED_FUNCTION = YES;
				GCC_WARN_UNUSED_VARIABLE = YES;
				IPHONEOS_DEPLOYMENT_TARGET = 8.0;
				MTL_ENABLE_DEBUG_INFO = NO;
				MTL_FAST_MATH = YES;
				PRODUCT_NAME = "$(TARGET_NAME)";
				STRIP_INSTALLED_PRODUCT = NO;
				SWIFT_COMPILATION_MODE = wholemodule;
				SWIFT_OPTIMIZATION_LEVEL = "-O";
				SWIFT_VERSION = 5.0;
				SYMROOT = "${SRCROOT}/../build";
			};
			name = Release;
		};
		768A9DF74E7F543E4A309E2F6171567B /* Release */ = {
			isa = XCBuildConfiguration;
			baseConfigurationReference = C28862C247EFA6AD8D793C565837C617 /* Pods-LWPrettyText_Example.release.xcconfig */;
			buildSettings = {
				ALWAYS_EMBED_SWIFT_STANDARD_LIBRARIES = NO;
				CODE_SIGN_IDENTITY = "";
				"CODE_SIGN_IDENTITY[sdk=appletvos*]" = "";
				"CODE_SIGN_IDENTITY[sdk=iphoneos*]" = "";
				"CODE_SIGN_IDENTITY[sdk=watchos*]" = "";
				CURRENT_PROJECT_VERSION = 1;
				DEFINES_MODULE = YES;
				DYLIB_COMPATIBILITY_VERSION = 1;
				DYLIB_CURRENT_VERSION = 1;
				DYLIB_INSTALL_NAME_BASE = "@rpath";
				INFOPLIST_FILE = "Target Support Files/Pods-LWPrettyText_Example/Pods-LWPrettyText_Example-Info.plist";
				INSTALL_PATH = "$(LOCAL_LIBRARY_DIR)/Frameworks";
				IPHONEOS_DEPLOYMENT_TARGET = 8.0;
				LD_RUNPATH_SEARCH_PATHS = "$(inherited) @executable_path/Frameworks @loader_path/Frameworks";
				MACH_O_TYPE = staticlib;
				MODULEMAP_FILE = "Target Support Files/Pods-LWPrettyText_Example/Pods-LWPrettyText_Example.modulemap";
				OTHER_LDFLAGS = "";
				OTHER_LIBTOOLFLAGS = "";
				PODS_ROOT = "$(SRCROOT)";
				PRODUCT_BUNDLE_IDENTIFIER = "org.cocoapods.${PRODUCT_NAME:rfc1034identifier}";
				PRODUCT_NAME = "$(TARGET_NAME:c99extidentifier)";
				SDKROOT = iphoneos;
				SKIP_INSTALL = YES;
				TARGETED_DEVICE_FAMILY = "1,2";
				VALIDATE_PRODUCT = YES;
				VERSIONING_SYSTEM = "apple-generic";
				VERSION_INFO_PREFIX = "";
			};
			name = Release;
		};
		7EF13EB5F53EECF63D1C861986C16729 /* Release */ = {
			isa = XCBuildConfiguration;
			baseConfigurationReference = 0A5B5F03CCC487720EF0A7ED6085195C /* LWPrettyText.xcconfig */;
			buildSettings = {
				CODE_SIGN_IDENTITY = "";
				"CODE_SIGN_IDENTITY[sdk=appletvos*]" = "";
				"CODE_SIGN_IDENTITY[sdk=iphoneos*]" = "";
				"CODE_SIGN_IDENTITY[sdk=watchos*]" = "";
				CURRENT_PROJECT_VERSION = 1;
				DEFINES_MODULE = YES;
				DYLIB_COMPATIBILITY_VERSION = 1;
				DYLIB_CURRENT_VERSION = 1;
				DYLIB_INSTALL_NAME_BASE = "@rpath";
				GCC_PREFIX_HEADER = "Target Support Files/LWPrettyText/LWPrettyText-prefix.pch";
				INFOPLIST_FILE = "Target Support Files/LWPrettyText/LWPrettyText-Info.plist";
				INSTALL_PATH = "$(LOCAL_LIBRARY_DIR)/Frameworks";
				IPHONEOS_DEPLOYMENT_TARGET = 8.0;
				LD_RUNPATH_SEARCH_PATHS = "$(inherited) @executable_path/Frameworks @loader_path/Frameworks";
				MODULEMAP_FILE = "Target Support Files/LWPrettyText/LWPrettyText.modulemap";
				PRODUCT_MODULE_NAME = LWPrettyText;
				PRODUCT_NAME = LWPrettyText;
				SDKROOT = iphoneos;
				SKIP_INSTALL = YES;
				SWIFT_ACTIVE_COMPILATION_CONDITIONS = "$(inherited) ";
				SWIFT_VERSION = 4.0;
				TARGETED_DEVICE_FAMILY = "1,2";
				VALIDATE_PRODUCT = YES;
				VERSIONING_SYSTEM = "apple-generic";
				VERSION_INFO_PREFIX = "";
			};
			name = Release;
		};
		7EF7227D9B20A1D549000096ACCB23D7 /* Debug */ = {
			isa = XCBuildConfiguration;
			buildSettings = {
				ALWAYS_SEARCH_USER_PATHS = NO;
				CLANG_ANALYZER_NONNULL = YES;
				CLANG_ANALYZER_NUMBER_OBJECT_CONVERSION = YES_AGGRESSIVE;
				CLANG_CXX_LANGUAGE_STANDARD = "gnu++14";
				CLANG_CXX_LIBRARY = "libc++";
				CLANG_ENABLE_MODULES = YES;
				CLANG_ENABLE_OBJC_ARC = YES;
				CLANG_ENABLE_OBJC_WEAK = YES;
				CLANG_WARN_BLOCK_CAPTURE_AUTORELEASING = YES;
				CLANG_WARN_BOOL_CONVERSION = YES;
				CLANG_WARN_COMMA = YES;
				CLANG_WARN_CONSTANT_CONVERSION = YES;
				CLANG_WARN_DEPRECATED_OBJC_IMPLEMENTATIONS = YES;
				CLANG_WARN_DIRECT_OBJC_ISA_USAGE = YES_ERROR;
				CLANG_WARN_DOCUMENTATION_COMMENTS = YES;
				CLANG_WARN_EMPTY_BODY = YES;
				CLANG_WARN_ENUM_CONVERSION = YES;
				CLANG_WARN_INFINITE_RECURSION = YES;
				CLANG_WARN_INT_CONVERSION = YES;
				CLANG_WARN_NON_LITERAL_NULL_CONVERSION = YES;
				CLANG_WARN_OBJC_IMPLICIT_RETAIN_SELF = YES;
				CLANG_WARN_OBJC_LITERAL_CONVERSION = YES;
				CLANG_WARN_OBJC_ROOT_CLASS = YES_ERROR;
				CLANG_WARN_RANGE_LOOP_ANALYSIS = YES;
				CLANG_WARN_STRICT_PROTOTYPES = YES;
				CLANG_WARN_SUSPICIOUS_MOVE = YES;
				CLANG_WARN_UNGUARDED_AVAILABILITY = YES_AGGRESSIVE;
				CLANG_WARN_UNREACHABLE_CODE = YES;
				CLANG_WARN__DUPLICATE_METHOD_MATCH = YES;
				COPY_PHASE_STRIP = NO;
				DEBUG_INFORMATION_FORMAT = dwarf;
				ENABLE_STRICT_OBJC_MSGSEND = YES;
				ENABLE_TESTABILITY = YES;
				GCC_C_LANGUAGE_STANDARD = gnu11;
				GCC_DYNAMIC_NO_PIC = NO;
				GCC_NO_COMMON_BLOCKS = YES;
				GCC_OPTIMIZATION_LEVEL = 0;
				GCC_PREPROCESSOR_DEFINITIONS = (
					"POD_CONFIGURATION_DEBUG=1",
					"DEBUG=1",
					"$(inherited)",
				);
				GCC_WARN_64_TO_32_BIT_CONVERSION = YES;
				GCC_WARN_ABOUT_RETURN_TYPE = YES_ERROR;
				GCC_WARN_UNDECLARED_SELECTOR = YES;
				GCC_WARN_UNINITIALIZED_AUTOS = YES_AGGRESSIVE;
				GCC_WARN_UNUSED_FUNCTION = YES;
				GCC_WARN_UNUSED_VARIABLE = YES;
				IPHONEOS_DEPLOYMENT_TARGET = 8.0;
				MTL_ENABLE_DEBUG_INFO = INCLUDE_SOURCE;
				MTL_FAST_MATH = YES;
				ONLY_ACTIVE_ARCH = YES;
				PRODUCT_NAME = "$(TARGET_NAME)";
				STRIP_INSTALLED_PRODUCT = NO;
				SWIFT_ACTIVE_COMPILATION_CONDITIONS = DEBUG;
				SWIFT_OPTIMIZATION_LEVEL = "-Onone";
				SWIFT_VERSION = 5.0;
				SYMROOT = "${SRCROOT}/../build";
			};
			name = Debug;
		};
		895566E83DFB6E0520DEA07C8BF53502 /* Debug */ = {
			isa = XCBuildConfiguration;
			baseConfigurationReference = ECBEFBEB35FC0F15B83AB75886191A2D /* Pods-LWPrettyText_Tests.debug.xcconfig */;
			buildSettings = {
				ALWAYS_EMBED_SWIFT_STANDARD_LIBRARIES = NO;
				CODE_SIGN_IDENTITY = "";
				"CODE_SIGN_IDENTITY[sdk=appletvos*]" = "";
				"CODE_SIGN_IDENTITY[sdk=iphoneos*]" = "";
				"CODE_SIGN_IDENTITY[sdk=watchos*]" = "";
				CURRENT_PROJECT_VERSION = 1;
				DEFINES_MODULE = YES;
				DYLIB_COMPATIBILITY_VERSION = 1;
				DYLIB_CURRENT_VERSION = 1;
				DYLIB_INSTALL_NAME_BASE = "@rpath";
				INFOPLIST_FILE = "Target Support Files/Pods-LWPrettyText_Tests/Pods-LWPrettyText_Tests-Info.plist";
				INSTALL_PATH = "$(LOCAL_LIBRARY_DIR)/Frameworks";
				IPHONEOS_DEPLOYMENT_TARGET = 8.0;
				LD_RUNPATH_SEARCH_PATHS = "$(inherited) @executable_path/Frameworks @loader_path/Frameworks";
				MACH_O_TYPE = staticlib;
				MODULEMAP_FILE = "Target Support Files/Pods-LWPrettyText_Tests/Pods-LWPrettyText_Tests.modulemap";
				OTHER_LDFLAGS = "";
				OTHER_LIBTOOLFLAGS = "";
				PODS_ROOT = "$(SRCROOT)";
				PRODUCT_BUNDLE_IDENTIFIER = "org.cocoapods.${PRODUCT_NAME:rfc1034identifier}";
				PRODUCT_NAME = "$(TARGET_NAME:c99extidentifier)";
				SDKROOT = iphoneos;
				SKIP_INSTALL = YES;
				TARGETED_DEVICE_FAMILY = "1,2";
				VERSIONING_SYSTEM = "apple-generic";
				VERSION_INFO_PREFIX = "";
			};
			name = Debug;
		};
		C3242660C31AB071B2F4F9FA5B67DA08 /* Debug */ = {
			isa = XCBuildConfiguration;
			baseConfigurationReference = 0A5B5F03CCC487720EF0A7ED6085195C /* LWPrettyText.xcconfig */;
			buildSettings = {
				CODE_SIGN_IDENTITY = "";
				"CODE_SIGN_IDENTITY[sdk=appletvos*]" = "";
				"CODE_SIGN_IDENTITY[sdk=iphoneos*]" = "";
				"CODE_SIGN_IDENTITY[sdk=watchos*]" = "";
				CURRENT_PROJECT_VERSION = 1;
				DEFINES_MODULE = YES;
				DYLIB_COMPATIBILITY_VERSION = 1;
				DYLIB_CURRENT_VERSION = 1;
				DYLIB_INSTALL_NAME_BASE = "@rpath";
				GCC_PREFIX_HEADER = "Target Support Files/LWPrettyText/LWPrettyText-prefix.pch";
				INFOPLIST_FILE = "Target Support Files/LWPrettyText/LWPrettyText-Info.plist";
				INSTALL_PATH = "$(LOCAL_LIBRARY_DIR)/Frameworks";
				IPHONEOS_DEPLOYMENT_TARGET = 8.0;
				LD_RUNPATH_SEARCH_PATHS = "$(inherited) @executable_path/Frameworks @loader_path/Frameworks";
				MODULEMAP_FILE = "Target Support Files/LWPrettyText/LWPrettyText.modulemap";
				PRODUCT_MODULE_NAME = LWPrettyText;
				PRODUCT_NAME = LWPrettyText;
				SDKROOT = iphoneos;
				SKIP_INSTALL = YES;
				SWIFT_ACTIVE_COMPILATION_CONDITIONS = "$(inherited) ";
				SWIFT_VERSION = 4.0;
				TARGETED_DEVICE_FAMILY = "1,2";
				VERSIONING_SYSTEM = "apple-generic";
				VERSION_INFO_PREFIX = "";
			};
			name = Debug;
		};
/* End XCBuildConfiguration section */

/* Begin XCConfigurationList section */
		1D0B9BD1D1F01B50196A6D0805A0B06D /* Build configuration list for PBXNativeTarget "Pods-LWPrettyText_Tests" */ = {
			isa = XCConfigurationList;
			buildConfigurations = (
				895566E83DFB6E0520DEA07C8BF53502 /* Debug */,
				2DAA62F809293B229C58E112B890596E /* Release */,
			);
			defaultConfigurationIsVisible = 0;
			defaultConfigurationName = Release;
		};
		4821239608C13582E20E6DA73FD5F1F9 /* Build configuration list for PBXProject "Pods" */ = {
			isa = XCConfigurationList;
			buildConfigurations = (
				7EF7227D9B20A1D549000096ACCB23D7 /* Debug */,
				4BE66A09A74FD25164AAB3C2645B9B93 /* Release */,
			);
			defaultConfigurationIsVisible = 0;
			defaultConfigurationName = Release;
		};
		5BDC9ABE4FB047844EEEA3201572E157 /* Build configuration list for PBXNativeTarget "LWPrettyText" */ = {
			isa = XCConfigurationList;
			buildConfigurations = (
				C3242660C31AB071B2F4F9FA5B67DA08 /* Debug */,
				7EF13EB5F53EECF63D1C861986C16729 /* Release */,
			);
			defaultConfigurationIsVisible = 0;
			defaultConfigurationName = Release;
		};
		A1FDB9C38D56EBAD72C3D6FC95839C76 /* Build configuration list for PBXNativeTarget "Pods-LWPrettyText_Example" */ = {
			isa = XCConfigurationList;
			buildConfigurations = (
				0493436A4CB93BF625FE72A3AE56F2D2 /* Debug */,
				768A9DF74E7F543E4A309E2F6171567B /* Release */,
			);
			defaultConfigurationIsVisible = 0;
			defaultConfigurationName = Release;
		};
/* End XCConfigurationList section */
	};
	rootObject = BFDFE7DC352907FC980B868725387E98 /* Project object */;
}
